
Microsoft Visual Studio Solution File, Format Version 12.00
# Visual Studio Version 17
VisualStudioVersion = 17.4.33213.308
MinimumVisualStudioVersion = 10.0.40219.1
Project("{FAE04EC0-301F-11D3-BF4B-00C04F79EFBC}") = "Session-10", "Session-10\Session-10.csproj", "{0C8A2C64-03C7-41D1-85EC-D88F5775BD5D}"
EndProject
Project("{9A19103F-16F7-4668-BE54-9A1E7A4F7556}") = "UniversityLib", "UniversityLib\UniversityLib.csproj", "{844CC8DE-2108-443C-BD4D-20DEC90A83BC}"
EndProject
Global
	GlobalSection(SolutionConfigurationPlatforms) = preSolution
		Debug|Any CPU = Debug|Any CPU
		Release|Any CPU = Release|Any CPU
	EndGlobalSection
	GlobalSection(ProjectConfigurationPlatforms) = postSolution
		{0C8A2C64-03C7-41D1-85EC-D88F5775BD5D}.Debug|Any CPU.ActiveCfg = Debug|Any CPU
		{0C8A2C64-03C7-41D1-85EC-D88F5775BD5D}.Debug|Any CPU.Build.0 = Debug|Any CPU
		{0C8A2C64-03C7-41D1-85EC-D88F5775BD5D}.Release|Any CPU.ActiveCfg = Release|Any CPU
		{0C8A2C64-03C7-41D1-85EC-D88F5775BD5D}.Release|Any CPU.Build.0 = Release|Any CPU
		{844CC8DE-2108-443C-BD4D-20DEC90A83BC}.Debug|Any CPU.ActiveCfg = Debug|Any CPU
		{844CC8DE-2108-443C-BD4D-20DEC90A83BC}.Debug|Any CPU.Build.0 = Debug|Any CPU
		{844CC8DE-2108-443C-BD4D-20DEC90A83BC}.Release|Any CPU.ActiveCfg = Release|Any CPU
		{844CC8DE-2108-443C-BD4D-20DEC90A83BC}.Release|Any CPU.Build.0 = Release|Any CPU
	EndGlobalSection
	GlobalSection(SolutionProperties) = preSolution
		HideSolutionNode = FALSE
	EndGlobalSection
	GlobalSection(ExtensibilityGlobals) = postSolution
		SolutionGuid = {D3B2CFCE-045B-4869-BA83-B610EF608FF3}
	EndGlobalSection
EndGlobal
