
Microsoft Visual Studio Solution File, Format Version 12.00
# Visual Studio Version 17
VisualStudioVersion = 17.4.33213.308
MinimumVisualStudioVersion = 10.0.40219.1
Project("{9A19103F-16F7-4668-BE54-9A1E7A4F7556}") = "SerializerLib", "SerializerLib\SerializerLib.csproj", "{47A33428-A4AE-4DFA-9AFF-20856DD2398E}"
EndProject
Project("{9A19103F-16F7-4668-BE54-9A1E7A4F7556}") = "CarServiceCenterLib.Models", "CarServiceCenterLib.Models\CarServiceCenterLib.Models.csproj", "{77EC97E4-B5C3-4AA1-B660-0657A72E9D6F}"
EndProject
Project("{FAE04EC0-301F-11D3-BF4B-00C04F79EFBC}") = "CarServiceCenterLib.Orm", "CarServiceCenterLib.Orm\CarServiceCenterLib.Orm.csproj", "{2988B94B-AF22-4111-858B-F8991B6B8FC4}"
EndProject
Project("{9A19103F-16F7-4668-BE54-9A1E7A4F7556}") = "Session-16.Win", "Session-16.Win\Session-16.Win.csproj", "{9424B525-4365-4037-B86F-92F596EB2B94}"
EndProject
Global
	GlobalSection(SolutionConfigurationPlatforms) = preSolution
		Debug|Any CPU = Debug|Any CPU
		Release|Any CPU = Release|Any CPU
	EndGlobalSection
	GlobalSection(ProjectConfigurationPlatforms) = postSolution
		{47A33428-A4AE-4DFA-9AFF-20856DD2398E}.Debug|Any CPU.ActiveCfg = Debug|Any CPU
		{47A33428-A4AE-4DFA-9AFF-20856DD2398E}.Debug|Any CPU.Build.0 = Debug|Any CPU
		{47A33428-A4AE-4DFA-9AFF-20856DD2398E}.Release|Any CPU.ActiveCfg = Release|Any CPU
		{47A33428-A4AE-4DFA-9AFF-20856DD2398E}.Release|Any CPU.Build.0 = Release|Any CPU
		{77EC97E4-B5C3-4AA1-B660-0657A72E9D6F}.Debug|Any CPU.ActiveCfg = Debug|Any CPU
		{77EC97E4-B5C3-4AA1-B660-0657A72E9D6F}.Debug|Any CPU.Build.0 = Debug|Any CPU
		{77EC97E4-B5C3-4AA1-B660-0657A72E9D6F}.Release|Any CPU.ActiveCfg = Release|Any CPU
		{77EC97E4-B5C3-4AA1-B660-0657A72E9D6F}.Release|Any CPU.Build.0 = Release|Any CPU
		{2988B94B-AF22-4111-858B-F8991B6B8FC4}.Debug|Any CPU.ActiveCfg = Debug|Any CPU
		{2988B94B-AF22-4111-858B-F8991B6B8FC4}.Debug|Any CPU.Build.0 = Debug|Any CPU
		{2988B94B-AF22-4111-858B-F8991B6B8FC4}.Release|Any CPU.ActiveCfg = Release|Any CPU
		{2988B94B-AF22-4111-858B-F8991B6B8FC4}.Release|Any CPU.Build.0 = Release|Any CPU
		{9424B525-4365-4037-B86F-92F596EB2B94}.Debug|Any CPU.ActiveCfg = Debug|Any CPU
		{9424B525-4365-4037-B86F-92F596EB2B94}.Debug|Any CPU.Build.0 = Debug|Any CPU
		{9424B525-4365-4037-B86F-92F596EB2B94}.Release|Any CPU.ActiveCfg = Release|Any CPU
		{9424B525-4365-4037-B86F-92F596EB2B94}.Release|Any CPU.Build.0 = Release|Any CPU
	EndGlobalSection
	GlobalSection(SolutionProperties) = preSolution
		HideSolutionNode = FALSE
	EndGlobalSection
	GlobalSection(ExtensibilityGlobals) = postSolution
		SolutionGuid = {8F70679B-CAC6-47FE-B76E-77E47204AB4A}
	EndGlobalSection
EndGlobal
