
Microsoft Visual Studio Solution File, Format Version 12.00
# Visual Studio Version 17
VisualStudioVersion = 17.4.33213.308
MinimumVisualStudioVersion = 10.0.40219.1
Project("{FAE04EC0-301F-11D3-BF4B-00C04F79EFBC}") = "Session_09", "Session_09\Session_09.csproj", "{3D5ECE9E-466F-4F3E-9895-789E343CF57E}"
EndProject
Project("{FAE04EC0-301F-11D3-BF4B-00C04F79EFBC}") = "CalculationLib", "CalculationLib\CalculationLib.csproj", "{E1D0D8A3-689E-4175-BB62-A26B438D2BB9}"
EndProject
Global
	GlobalSection(SolutionConfigurationPlatforms) = preSolution
		Debug|Any CPU = Debug|Any CPU
		Release|Any CPU = Release|Any CPU
	EndGlobalSection
	GlobalSection(ProjectConfigurationPlatforms) = postSolution
		{3D5ECE9E-466F-4F3E-9895-789E343CF57E}.Debug|Any CPU.ActiveCfg = Debug|Any CPU
		{3D5ECE9E-466F-4F3E-9895-789E343CF57E}.Debug|Any CPU.Build.0 = Debug|Any CPU
		{3D5ECE9E-466F-4F3E-9895-789E343CF57E}.Release|Any CPU.ActiveCfg = Release|Any CPU
		{3D5ECE9E-466F-4F3E-9895-789E343CF57E}.Release|Any CPU.Build.0 = Release|Any CPU
		{E1D0D8A3-689E-4175-BB62-A26B438D2BB9}.Debug|Any CPU.ActiveCfg = Debug|Any CPU
		{E1D0D8A3-689E-4175-BB62-A26B438D2BB9}.Debug|Any CPU.Build.0 = Debug|Any CPU
		{E1D0D8A3-689E-4175-BB62-A26B438D2BB9}.Release|Any CPU.ActiveCfg = Release|Any CPU
		{E1D0D8A3-689E-4175-BB62-A26B438D2BB9}.Release|Any CPU.Build.0 = Release|Any CPU
	EndGlobalSection
	GlobalSection(SolutionProperties) = preSolution
		HideSolutionNode = FALSE
	EndGlobalSection
	GlobalSection(ExtensibilityGlobals) = postSolution
		SolutionGuid = {5BCD39F2-FC6B-4B58-A579-B7F81303328B}
	EndGlobalSection
EndGlobal
