
Microsoft Visual Studio Solution File, Format Version 12.00
# Visual Studio Version 17
VisualStudioVersion = 17.4.33205.214
MinimumVisualStudioVersion = 10.0.40219.1
Project("{9A19103F-16F7-4668-BE54-9A1E7A4F7556}") = "FuelStation.Model", "FuelStation.Model\FuelStation.Model.csproj", "{CEF9B648-E57A-4F14-9C2D-B30429F05B35}"
EndProject
Project("{9A19103F-16F7-4668-BE54-9A1E7A4F7556}") = "FuelStation.EF", "FuelStation.EF\FuelStation.EF.csproj", "{44D7AB3B-0009-4D12-B974-B7D2C659FB7B}"
EndProject
Project("{9A19103F-16F7-4668-BE54-9A1E7A4F7556}") = "FuelStation.Web.Blazor.Server", "FuelStation.Web.Blazor\Server\FuelStation.Web.Blazor.Server.csproj", "{6ABE3EAE-9FCD-4F46-90F5-FF64FD0A068B}"
EndProject
Project("{9A19103F-16F7-4668-BE54-9A1E7A4F7556}") = "FuelStation.Web.Blazor.Client", "FuelStation.Web.Blazor\Client\FuelStation.Web.Blazor.Client.csproj", "{703495D2-4832-45CB-8E4C-19E5DA9F7356}"
EndProject
Project("{9A19103F-16F7-4668-BE54-9A1E7A4F7556}") = "FuelStation.Web.Blazor.Shared", "FuelStation.Web.Blazor\Shared\FuelStation.Web.Blazor.Shared.csproj", "{976D62D9-7920-4C50-B33C-CBD9ACA2DC61}"
EndProject
Global
	GlobalSection(SolutionConfigurationPlatforms) = preSolution
		Debug|Any CPU = Debug|Any CPU
		Release|Any CPU = Release|Any CPU
	EndGlobalSection
	GlobalSection(ProjectConfigurationPlatforms) = postSolution
		{CEF9B648-E57A-4F14-9C2D-B30429F05B35}.Debug|Any CPU.ActiveCfg = Debug|Any CPU
		{CEF9B648-E57A-4F14-9C2D-B30429F05B35}.Debug|Any CPU.Build.0 = Debug|Any CPU
		{CEF9B648-E57A-4F14-9C2D-B30429F05B35}.Release|Any CPU.ActiveCfg = Release|Any CPU
		{CEF9B648-E57A-4F14-9C2D-B30429F05B35}.Release|Any CPU.Build.0 = Release|Any CPU
		{44D7AB3B-0009-4D12-B974-B7D2C659FB7B}.Debug|Any CPU.ActiveCfg = Debug|Any CPU
		{44D7AB3B-0009-4D12-B974-B7D2C659FB7B}.Debug|Any CPU.Build.0 = Debug|Any CPU
		{44D7AB3B-0009-4D12-B974-B7D2C659FB7B}.Release|Any CPU.ActiveCfg = Release|Any CPU
		{44D7AB3B-0009-4D12-B974-B7D2C659FB7B}.Release|Any CPU.Build.0 = Release|Any CPU
		{6ABE3EAE-9FCD-4F46-90F5-FF64FD0A068B}.Debug|Any CPU.ActiveCfg = Debug|Any CPU
		{6ABE3EAE-9FCD-4F46-90F5-FF64FD0A068B}.Debug|Any CPU.Build.0 = Debug|Any CPU
		{6ABE3EAE-9FCD-4F46-90F5-FF64FD0A068B}.Release|Any CPU.ActiveCfg = Release|Any CPU
		{6ABE3EAE-9FCD-4F46-90F5-FF64FD0A068B}.Release|Any CPU.Build.0 = Release|Any CPU
		{703495D2-4832-45CB-8E4C-19E5DA9F7356}.Debug|Any CPU.ActiveCfg = Debug|Any CPU
		{703495D2-4832-45CB-8E4C-19E5DA9F7356}.Debug|Any CPU.Build.0 = Debug|Any CPU
		{703495D2-4832-45CB-8E4C-19E5DA9F7356}.Release|Any CPU.ActiveCfg = Release|Any CPU
		{703495D2-4832-45CB-8E4C-19E5DA9F7356}.Release|Any CPU.Build.0 = Release|Any CPU
		{976D62D9-7920-4C50-B33C-CBD9ACA2DC61}.Debug|Any CPU.ActiveCfg = Debug|Any CPU
		{976D62D9-7920-4C50-B33C-CBD9ACA2DC61}.Debug|Any CPU.Build.0 = Debug|Any CPU
		{976D62D9-7920-4C50-B33C-CBD9ACA2DC61}.Release|Any CPU.ActiveCfg = Release|Any CPU
		{976D62D9-7920-4C50-B33C-CBD9ACA2DC61}.Release|Any CPU.Build.0 = Release|Any CPU
	EndGlobalSection
	GlobalSection(SolutionProperties) = preSolution
		HideSolutionNode = FALSE
	EndGlobalSection
	GlobalSection(ExtensibilityGlobals) = postSolution
		SolutionGuid = {00A9EFFF-E0B0-41FA-B234-D14314BD73C7}
	EndGlobalSection
EndGlobal
