
Microsoft Visual Studio Solution File, Format Version 12.00
# Visual Studio Version 17
VisualStudioVersion = 17.4.33205.214
MinimumVisualStudioVersion = 10.0.40219.1
Project("{FAE04EC0-301F-11D3-BF4B-00C04F79EFBC}") = "Session-19", "Session-19\Session-19.csproj", "{C1E0B438-5D5E-45DC-B356-F8E4C63B0AE6}"
EndProject
Global
	GlobalSection(SolutionConfigurationPlatforms) = preSolution
		Debug|Any CPU = Debug|Any CPU
		Release|Any CPU = Release|Any CPU
	EndGlobalSection
	GlobalSection(ProjectConfigurationPlatforms) = postSolution
		{C1E0B438-5D5E-45DC-B356-F8E4C63B0AE6}.Debug|Any CPU.ActiveCfg = Debug|Any CPU
		{C1E0B438-5D5E-45DC-B356-F8E4C63B0AE6}.Debug|Any CPU.Build.0 = Debug|Any CPU
		{C1E0B438-5D5E-45DC-B356-F8E4C63B0AE6}.Release|Any CPU.ActiveCfg = Release|Any CPU
		{C1E0B438-5D5E-45DC-B356-F8E4C63B0AE6}.Release|Any CPU.Build.0 = Release|Any CPU
	EndGlobalSection
	GlobalSection(SolutionProperties) = preSolution
		HideSolutionNode = FALSE
	EndGlobalSection
	GlobalSection(ExtensibilityGlobals) = postSolution
		SolutionGuid = {B81E9999-CAE6-4531-84AA-29D3A0BFD909}
	EndGlobalSection
EndGlobal
