
Microsoft Visual Studio Solution File, Format Version 12.00
# Visual Studio Version 17
VisualStudioVersion = 17.4.33213.308
MinimumVisualStudioVersion = 10.0.40219.1
Project("{FAE04EC0-301F-11D3-BF4B-00C04F79EFBC}") = "Session-11-Car-Service-Center", "Session-11-Car-Service-Center\Session-11-Car-Service-Center.csproj", "{BA8429E8-4B27-46FA-AA28-515145259A95}"
EndProject
Global
	GlobalSection(SolutionConfigurationPlatforms) = preSolution
		Debug|Any CPU = Debug|Any CPU
		Release|Any CPU = Release|Any CPU
	EndGlobalSection
	GlobalSection(ProjectConfigurationPlatforms) = postSolution
		{BA8429E8-4B27-46FA-AA28-515145259A95}.Debug|Any CPU.ActiveCfg = Debug|Any CPU
		{BA8429E8-4B27-46FA-AA28-515145259A95}.Debug|Any CPU.Build.0 = Debug|Any CPU
		{BA8429E8-4B27-46FA-AA28-515145259A95}.Release|Any CPU.ActiveCfg = Release|Any CPU
		{BA8429E8-4B27-46FA-AA28-515145259A95}.Release|Any CPU.Build.0 = Release|Any CPU
	EndGlobalSection
	GlobalSection(SolutionProperties) = preSolution
		HideSolutionNode = FALSE
	EndGlobalSection
	GlobalSection(ExtensibilityGlobals) = postSolution
		SolutionGuid = {8F70679B-CAC6-47FE-B76E-77E47204AB4A}
	EndGlobalSection
EndGlobal
